
Microsoft Visual Studio Solution File, Format Version 12.00
# Visual Studio Version 17
VisualStudioVersion = 17.3.32922.545
MinimumVisualStudioVersion = 10.0.40219.1
Project("{FAE04EC0-301F-11D3-BF4B-00C04F79EFBC}") = "Urun_Takip", "Urun_Takip\Urun_Takip.csproj", "{D9CC43A3-E75A-4B4E-A9C5-B272D4248116}"
EndProject
Global
	GlobalSection(SolutionConfigurationPlatforms) = preSolution
		Debug|Any CPU = Debug|Any CPU
		Release|Any CPU = Release|Any CPU
	EndGlobalSection
	GlobalSection(ProjectConfigurationPlatforms) = postSolution
		{D9CC43A3-E75A-4B4E-A9C5-B272D4248116}.Debug|Any CPU.ActiveCfg = Debug|Any CPU
		{D9CC43A3-E75A-4B4E-A9C5-B272D4248116}.Debug|Any CPU.Build.0 = Debug|Any CPU
		{D9CC43A3-E75A-4B4E-A9C5-B272D4248116}.Release|Any CPU.ActiveCfg = Release|Any CPU
		{D9CC43A3-E75A-4B4E-A9C5-B272D4248116}.Release|Any CPU.Build.0 = Release|Any CPU
	EndGlobalSection
	GlobalSection(SolutionProperties) = preSolution
		HideSolutionNode = FALSE
	EndGlobalSection
	GlobalSection(ExtensibilityGlobals) = postSolution
		SolutionGuid = {95262C85-14CF-4EF5-B923-DE815A4C9886}
	EndGlobalSection
EndGlobal
